
Microsoft Visual Studio Solution File, Format Version 12.00
# Visual Studio Version 16
VisualStudioVersion = 16.0.31702.278
MinimumVisualStudioVersion = 10.0.40219.1
Project("{8BC9CEB8-8B4A-11D0-8D11-00A0C91BC942}") = "OpenGL_Lab2", "OpenGL_Lab2\OpenGL_Lab2.vcxproj", "{59FD23BD-C386-4547-9EB8-3FE386FED6D5}"
EndProject
Global
	GlobalSection(SolutionConfigurationPlatforms) = preSolution
		Debug|x64 = Debug|x64
		Debug|x86 = Debug|x86
		Release|x64 = Release|x64
		Release|x86 = Release|x86
	EndGlobalSection
	GlobalSection(ProjectConfigurationPlatforms) = postSolution
		{59FD23BD-C386-4547-9EB8-3FE386FED6D5}.Debug|x64.ActiveCfg = Debug|x64
		{59FD23BD-C386-4547-9EB8-3FE386FED6D5}.Debug|x64.Build.0 = Debug|x64
		{59FD23BD-C386-4547-9EB8-3FE386FED6D5}.Debug|x86.ActiveCfg = Debug|Win32
		{59FD23BD-C386-4547-9EB8-3FE386FED6D5}.Debug|x86.Build.0 = Debug|Win32
		{59FD23BD-C386-4547-9EB8-3FE386FED6D5}.Release|x64.ActiveCfg = Release|x64
		{59FD23BD-C386-4547-9EB8-3FE386FED6D5}.Release|x64.Build.0 = Release|x64
		{59FD23BD-C386-4547-9EB8-3FE386FED6D5}.Release|x86.ActiveCfg = Release|Win32
		{59FD23BD-C386-4547-9EB8-3FE386FED6D5}.Release|x86.Build.0 = Release|Win32
	EndGlobalSection
	GlobalSection(SolutionProperties) = preSolution
		HideSolutionNode = FALSE
	EndGlobalSection
	GlobalSection(ExtensibilityGlobals) = postSolution
		SolutionGuid = {83D0EFF8-E876-4637-82D3-CF837135B3A2}
	EndGlobalSection
EndGlobal
