
Microsoft Visual Studio Solution File, Format Version 12.00
# Visual Studio Version 17
VisualStudioVersion = 17.0.31912.275
MinimumVisualStudioVersion = 10.0.40219.1
Project("{8BC9CEB8-8B4A-11D0-8D11-00A0C91BC942}") = "task2text", "task2text\task2text.vcxproj", "{3F247582-0D88-4A42-AA56-10BB0E41CFEB}"
EndProject
Global
	GlobalSection(SolutionConfigurationPlatforms) = preSolution
		Debug|x64 = Debug|x64
		Debug|x86 = Debug|x86
		Release|x64 = Release|x64
		Release|x86 = Release|x86
	EndGlobalSection
	GlobalSection(ProjectConfigurationPlatforms) = postSolution
		{3F247582-0D88-4A42-AA56-10BB0E41CFEB}.Debug|x64.ActiveCfg = Debug|x64
		{3F247582-0D88-4A42-AA56-10BB0E41CFEB}.Debug|x64.Build.0 = Debug|x64
		{3F247582-0D88-4A42-AA56-10BB0E41CFEB}.Debug|x86.ActiveCfg = Debug|Win32
		{3F247582-0D88-4A42-AA56-10BB0E41CFEB}.Debug|x86.Build.0 = Debug|Win32
		{3F247582-0D88-4A42-AA56-10BB0E41CFEB}.Release|x64.ActiveCfg = Release|x64
		{3F247582-0D88-4A42-AA56-10BB0E41CFEB}.Release|x64.Build.0 = Release|x64
		{3F247582-0D88-4A42-AA56-10BB0E41CFEB}.Release|x86.ActiveCfg = Release|Win32
		{3F247582-0D88-4A42-AA56-10BB0E41CFEB}.Release|x86.Build.0 = Release|Win32
	EndGlobalSection
	GlobalSection(SolutionProperties) = preSolution
		HideSolutionNode = FALSE
	EndGlobalSection
	GlobalSection(ExtensibilityGlobals) = postSolution
		SolutionGuid = {FE4F3F8E-F3EC-417C-ABF2-7F273DA2970E}
	EndGlobalSection
EndGlobal
